
Microsoft Visual Studio Solution File, Format Version 12.00
# Visual Studio Version 17
VisualStudioVersion = 17.3.32929.385
MinimumVisualStudioVersion = 10.0.40219.1
Project("{9A19103F-16F7-4668-BE54-9A1E7A4F7556}") = "coursAspNetCore", "coursAspNetCore\coursAspNetCore.csproj", "{30A229BD-8360-4674-BCBD-63BA52C6EE4F}"
EndProject
Project("{9A19103F-16F7-4668-BE54-9A1E7A4F7556}") = "CoursAspNetCoreMVC", "CoursAspNetCoreMVC\CoursAspNetCoreMVC.csproj", "{5EE00924-1A96-412C-82A5-40BBBA3C1584}"
EndProject
Project("{9A19103F-16F7-4668-BE54-9A1E7A4F7556}") = "ContactAspNet", "ContactAspNet\ContactAspNet.csproj", "{8F9C19CD-6408-4308-B50C-7022CBB60437}"
EndProject
Project("{9A19103F-16F7-4668-BE54-9A1E7A4F7556}") = "CorrectionAnnuaireAspNetCore", "CorrectionAnnuaireAspNetCore\CorrectionAnnuaireAspNetCore.csproj", "{E6A4AF18-1B9B-42C1-BA81-EBD9C155DD02}"
EndProject
Project("{9A19103F-16F7-4668-BE54-9A1E7A4F7556}") = "VideoStore", "VideoStore\VideoStore\VideoStore.csproj", "{436B9515-927C-4E77-B729-5E59AC13D9B4}"
EndProject
Project("{9A19103F-16F7-4668-BE54-9A1E7A4F7556}") = "AspNetVideoStore", "AspNetVideoStore\AspNetVideoStore.csproj", "{2E259700-2F8C-4A8C-825A-9B51663FF3A1}"
EndProject
Project("{9A19103F-16F7-4668-BE54-9A1E7A4F7556}") = "CoursAPIRest", "CoursAPIRest\CoursAPIRest.csproj", "{DA21FC5C-82B3-40BE-BD07-1D702B1995CF}"
EndProject
Project("{9A19103F-16F7-4668-BE54-9A1E7A4F7556}") = "CorrectionTodoLists", "CorrectionTodoLists\CorrectionTodoLists.csproj", "{71AAEC3D-E1E3-4255-81EF-45E55E0EC593}"
EndProject
Project("{9A19103F-16F7-4668-BE54-9A1E7A4F7556}") = "BankAccountProject", "BankAccountProject\BankAccountProject.csproj", "{7F2A1C03-60D9-42F5-A85F-D920DAAF616C}"
EndProject
Project("{9A19103F-16F7-4668-BE54-9A1E7A4F7556}") = "BankRestAPI", "BankRestAPI\BankRestAPI.csproj", "{F5BF6C29-0F5C-4CCF-88ED-A8DF29797935}"
EndProject
Project("{9A19103F-16F7-4668-BE54-9A1E7A4F7556}") = "CoursAPIRestJWT", "CoursAPIRestJWT\CoursAPIRestJWT.csproj", "{E83DD993-70F2-4818-8E43-A32A1FF89AEC}"
EndProject
Project("{9A19103F-16F7-4668-BE54-9A1E7A4F7556}") = "ApiCashRegistry", "ApiCashRegistry\ApiCashRegistry.csproj", "{E1DBBF4A-BAC3-4977-8291-F80EB18F5F84}"
EndProject
Project("{9A19103F-16F7-4668-BE54-9A1E7A4F7556}") = "CoursBlazorWebAssembly", "CoursBlazorWebAssembly\CoursBlazorWebAssembly.csproj", "{1C03A43B-DB06-49A9-A65E-8B5AE1AC5693}"
EndProject
Project("{9A19103F-16F7-4668-BE54-9A1E7A4F7556}") = "CorrectionAnnuaireBlazor", "CorrectionAnnuaireBlazor\CorrectionAnnuaireBlazor.csproj", "{DA9E9294-9665-43F1-96BA-EB26F6BE8BBC}"
EndProject
Project("{FAE04EC0-301F-11D3-BF4B-00C04F79EFBC}") = "CashRegistryBlazor", "CashRegistryBlazor\CashRegistryBlazor.csproj", "{84532FDF-76CB-45FD-AF72-C5B690AF2ED5}"
EndProject
Global
	GlobalSection(SolutionConfigurationPlatforms) = preSolution
		Debug|Any CPU = Debug|Any CPU
		Release|Any CPU = Release|Any CPU
	EndGlobalSection
	GlobalSection(ProjectConfigurationPlatforms) = postSolution
		{30A229BD-8360-4674-BCBD-63BA52C6EE4F}.Debug|Any CPU.ActiveCfg = Debug|Any CPU
		{30A229BD-8360-4674-BCBD-63BA52C6EE4F}.Debug|Any CPU.Build.0 = Debug|Any CPU
		{30A229BD-8360-4674-BCBD-63BA52C6EE4F}.Release|Any CPU.ActiveCfg = Release|Any CPU
		{30A229BD-8360-4674-BCBD-63BA52C6EE4F}.Release|Any CPU.Build.0 = Release|Any CPU
		{5EE00924-1A96-412C-82A5-40BBBA3C1584}.Debug|Any CPU.ActiveCfg = Debug|Any CPU
		{5EE00924-1A96-412C-82A5-40BBBA3C1584}.Debug|Any CPU.Build.0 = Debug|Any CPU
		{5EE00924-1A96-412C-82A5-40BBBA3C1584}.Release|Any CPU.ActiveCfg = Release|Any CPU
		{5EE00924-1A96-412C-82A5-40BBBA3C1584}.Release|Any CPU.Build.0 = Release|Any CPU
		{8F9C19CD-6408-4308-B50C-7022CBB60437}.Debug|Any CPU.ActiveCfg = Debug|Any CPU
		{8F9C19CD-6408-4308-B50C-7022CBB60437}.Debug|Any CPU.Build.0 = Debug|Any CPU
		{8F9C19CD-6408-4308-B50C-7022CBB60437}.Release|Any CPU.ActiveCfg = Release|Any CPU
		{8F9C19CD-6408-4308-B50C-7022CBB60437}.Release|Any CPU.Build.0 = Release|Any CPU
		{E6A4AF18-1B9B-42C1-BA81-EBD9C155DD02}.Debug|Any CPU.ActiveCfg = Debug|Any CPU
		{E6A4AF18-1B9B-42C1-BA81-EBD9C155DD02}.Debug|Any CPU.Build.0 = Debug|Any CPU
		{E6A4AF18-1B9B-42C1-BA81-EBD9C155DD02}.Release|Any CPU.ActiveCfg = Release|Any CPU
		{E6A4AF18-1B9B-42C1-BA81-EBD9C155DD02}.Release|Any CPU.Build.0 = Release|Any CPU
		{436B9515-927C-4E77-B729-5E59AC13D9B4}.Debug|Any CPU.ActiveCfg = Debug|Any CPU
		{436B9515-927C-4E77-B729-5E59AC13D9B4}.Debug|Any CPU.Build.0 = Debug|Any CPU
		{436B9515-927C-4E77-B729-5E59AC13D9B4}.Release|Any CPU.ActiveCfg = Release|Any CPU
		{436B9515-927C-4E77-B729-5E59AC13D9B4}.Release|Any CPU.Build.0 = Release|Any CPU
		{2E259700-2F8C-4A8C-825A-9B51663FF3A1}.Debug|Any CPU.ActiveCfg = Debug|Any CPU
		{2E259700-2F8C-4A8C-825A-9B51663FF3A1}.Debug|Any CPU.Build.0 = Debug|Any CPU
		{2E259700-2F8C-4A8C-825A-9B51663FF3A1}.Release|Any CPU.ActiveCfg = Release|Any CPU
		{2E259700-2F8C-4A8C-825A-9B51663FF3A1}.Release|Any CPU.Build.0 = Release|Any CPU
		{DA21FC5C-82B3-40BE-BD07-1D702B1995CF}.Debug|Any CPU.ActiveCfg = Debug|Any CPU
		{DA21FC5C-82B3-40BE-BD07-1D702B1995CF}.Debug|Any CPU.Build.0 = Debug|Any CPU
		{DA21FC5C-82B3-40BE-BD07-1D702B1995CF}.Release|Any CPU.ActiveCfg = Release|Any CPU
		{DA21FC5C-82B3-40BE-BD07-1D702B1995CF}.Release|Any CPU.Build.0 = Release|Any CPU
		{71AAEC3D-E1E3-4255-81EF-45E55E0EC593}.Debug|Any CPU.ActiveCfg = Debug|Any CPU
		{71AAEC3D-E1E3-4255-81EF-45E55E0EC593}.Debug|Any CPU.Build.0 = Debug|Any CPU
		{71AAEC3D-E1E3-4255-81EF-45E55E0EC593}.Release|Any CPU.ActiveCfg = Release|Any CPU
		{71AAEC3D-E1E3-4255-81EF-45E55E0EC593}.Release|Any CPU.Build.0 = Release|Any CPU
		{7F2A1C03-60D9-42F5-A85F-D920DAAF616C}.Debug|Any CPU.ActiveCfg = Debug|Any CPU
		{7F2A1C03-60D9-42F5-A85F-D920DAAF616C}.Debug|Any CPU.Build.0 = Debug|Any CPU
		{7F2A1C03-60D9-42F5-A85F-D920DAAF616C}.Release|Any CPU.ActiveCfg = Release|Any CPU
		{7F2A1C03-60D9-42F5-A85F-D920DAAF616C}.Release|Any CPU.Build.0 = Release|Any CPU
		{F5BF6C29-0F5C-4CCF-88ED-A8DF29797935}.Debug|Any CPU.ActiveCfg = Debug|Any CPU
		{F5BF6C29-0F5C-4CCF-88ED-A8DF29797935}.Debug|Any CPU.Build.0 = Debug|Any CPU
		{F5BF6C29-0F5C-4CCF-88ED-A8DF29797935}.Release|Any CPU.ActiveCfg = Release|Any CPU
		{F5BF6C29-0F5C-4CCF-88ED-A8DF29797935}.Release|Any CPU.Build.0 = Release|Any CPU
		{E83DD993-70F2-4818-8E43-A32A1FF89AEC}.Debug|Any CPU.ActiveCfg = Debug|Any CPU
		{E83DD993-70F2-4818-8E43-A32A1FF89AEC}.Debug|Any CPU.Build.0 = Debug|Any CPU
		{E83DD993-70F2-4818-8E43-A32A1FF89AEC}.Release|Any CPU.ActiveCfg = Release|Any CPU
		{E83DD993-70F2-4818-8E43-A32A1FF89AEC}.Release|Any CPU.Build.0 = Release|Any CPU
		{E1DBBF4A-BAC3-4977-8291-F80EB18F5F84}.Debug|Any CPU.ActiveCfg = Debug|Any CPU
		{E1DBBF4A-BAC3-4977-8291-F80EB18F5F84}.Debug|Any CPU.Build.0 = Debug|Any CPU
		{E1DBBF4A-BAC3-4977-8291-F80EB18F5F84}.Release|Any CPU.ActiveCfg = Release|Any CPU
		{E1DBBF4A-BAC3-4977-8291-F80EB18F5F84}.Release|Any CPU.Build.0 = Release|Any CPU
		{1C03A43B-DB06-49A9-A65E-8B5AE1AC5693}.Debug|Any CPU.ActiveCfg = Debug|Any CPU
		{1C03A43B-DB06-49A9-A65E-8B5AE1AC5693}.Debug|Any CPU.Build.0 = Debug|Any CPU
		{1C03A43B-DB06-49A9-A65E-8B5AE1AC5693}.Release|Any CPU.ActiveCfg = Release|Any CPU
		{1C03A43B-DB06-49A9-A65E-8B5AE1AC5693}.Release|Any CPU.Build.0 = Release|Any CPU
		{DA9E9294-9665-43F1-96BA-EB26F6BE8BBC}.Debug|Any CPU.ActiveCfg = Debug|Any CPU
		{DA9E9294-9665-43F1-96BA-EB26F6BE8BBC}.Debug|Any CPU.Build.0 = Debug|Any CPU
		{DA9E9294-9665-43F1-96BA-EB26F6BE8BBC}.Release|Any CPU.ActiveCfg = Release|Any CPU
		{DA9E9294-9665-43F1-96BA-EB26F6BE8BBC}.Release|Any CPU.Build.0 = Release|Any CPU
		{84532FDF-76CB-45FD-AF72-C5B690AF2ED5}.Debug|Any CPU.ActiveCfg = Debug|Any CPU
		{84532FDF-76CB-45FD-AF72-C5B690AF2ED5}.Debug|Any CPU.Build.0 = Debug|Any CPU
		{84532FDF-76CB-45FD-AF72-C5B690AF2ED5}.Release|Any CPU.ActiveCfg = Release|Any CPU
		{84532FDF-76CB-45FD-AF72-C5B690AF2ED5}.Release|Any CPU.Build.0 = Release|Any CPU
	EndGlobalSection
	GlobalSection(SolutionProperties) = preSolution
		HideSolutionNode = FALSE
	EndGlobalSection
	GlobalSection(ExtensibilityGlobals) = postSolution
		SolutionGuid = {8DEEECD0-85D8-463B-95B4-8A3DA684A6A4}
	EndGlobalSection
EndGlobal
