
Microsoft Visual Studio Solution File, Format Version 12.00
Project("{FAE04EC0-301F-11D3-BF4B-00C04F79EFBC}") = "web-api-pokemon", "web-api-pokemon\web-api-pokemon.csproj", "{FB8BDE53-0C02-4296-AC4A-1F2E53330437}"
EndProject
Global
	GlobalSection(SolutionConfigurationPlatforms) = preSolution
		Debug|Any CPU = Debug|Any CPU
		Release|Any CPU = Release|Any CPU
	EndGlobalSection
	GlobalSection(ProjectConfigurationPlatforms) = postSolution
		{FB8BDE53-0C02-4296-AC4A-1F2E53330437}.Debug|Any CPU.ActiveCfg = Debug|Any CPU
		{FB8BDE53-0C02-4296-AC4A-1F2E53330437}.Debug|Any CPU.Build.0 = Debug|Any CPU
		{FB8BDE53-0C02-4296-AC4A-1F2E53330437}.Release|Any CPU.ActiveCfg = Release|Any CPU
		{FB8BDE53-0C02-4296-AC4A-1F2E53330437}.Release|Any CPU.Build.0 = Release|Any CPU
	EndGlobalSection
EndGlobal
